
Microsoft Visual Studio Solution File, Format Version 12.00
# Visual Studio Version 17
VisualStudioVersion = 17.0.31919.166
MinimumVisualStudioVersion = 10.0.40219.1
Project("{FAE04EC0-301F-11D3-BF4B-00C04F79EFBC}") = "LineComparisonProblems", "LineComparisonProblems\LineComparisonProblems.csproj", "{31983EA0-36B4-43D4-9B2B-7AC1EDEDC2CF}"
EndProject
Global
	GlobalSection(SolutionConfigurationPlatforms) = preSolution
		Debug|Any CPU = Debug|Any CPU
		Release|Any CPU = Release|Any CPU
	EndGlobalSection
	GlobalSection(ProjectConfigurationPlatforms) = postSolution
		{31983EA0-36B4-43D4-9B2B-7AC1EDEDC2CF}.Debug|Any CPU.ActiveCfg = Debug|Any CPU
		{31983EA0-36B4-43D4-9B2B-7AC1EDEDC2CF}.Debug|Any CPU.Build.0 = Debug|Any CPU
		{31983EA0-36B4-43D4-9B2B-7AC1EDEDC2CF}.Release|Any CPU.ActiveCfg = Release|Any CPU
		{31983EA0-36B4-43D4-9B2B-7AC1EDEDC2CF}.Release|Any CPU.Build.0 = Release|Any CPU
	EndGlobalSection
	GlobalSection(SolutionProperties) = preSolution
		HideSolutionNode = FALSE
	EndGlobalSection
	GlobalSection(ExtensibilityGlobals) = postSolution
		SolutionGuid = {B4ACCF55-1371-4A4A-BB4E-B73AF546C31A}
	EndGlobalSection
EndGlobal
